
Microsoft Visual Studio Solution File, Format Version 12.00
# Visual Studio Version 17
VisualStudioVersion = 17.0.31903.59
MinimumVisualStudioVersion = 10.0.40219.1
Project("{FAE04EC0-301F-11D3-BF4B-00C04F79EFBC}") = "Portal.API", "Portal.API\Portal.API.csproj", "{BE36A1DD-C3BD-4B07-9255-B4DD73A14DA2}"
EndProject
Project("{FAE04EC0-301F-11D3-BF4B-00C04F79EFBC}") = "BackOffice.API", "BackOffice.API\BackOffice.API.csproj", "{B9B5CD56-D8CC-4E03-97AE-BC27416C014C}"
EndProject
Global
	GlobalSection(SolutionConfigurationPlatforms) = preSolution
		Debug|Any CPU = Debug|Any CPU
		Release|Any CPU = Release|Any CPU
	EndGlobalSection
	GlobalSection(SolutionProperties) = preSolution
		HideSolutionNode = FALSE
	EndGlobalSection
	GlobalSection(ProjectConfigurationPlatforms) = postSolution
		{BE36A1DD-C3BD-4B07-9255-B4DD73A14DA2}.Debug|Any CPU.ActiveCfg = Debug|Any CPU
		{BE36A1DD-C3BD-4B07-9255-B4DD73A14DA2}.Debug|Any CPU.Build.0 = Debug|Any CPU
		{BE36A1DD-C3BD-4B07-9255-B4DD73A14DA2}.Release|Any CPU.ActiveCfg = Release|Any CPU
		{BE36A1DD-C3BD-4B07-9255-B4DD73A14DA2}.Release|Any CPU.Build.0 = Release|Any CPU
		{B9B5CD56-D8CC-4E03-97AE-BC27416C014C}.Debug|Any CPU.ActiveCfg = Debug|Any CPU
		{B9B5CD56-D8CC-4E03-97AE-BC27416C014C}.Debug|Any CPU.Build.0 = Debug|Any CPU
		{B9B5CD56-D8CC-4E03-97AE-BC27416C014C}.Release|Any CPU.ActiveCfg = Release|Any CPU
		{B9B5CD56-D8CC-4E03-97AE-BC27416C014C}.Release|Any CPU.Build.0 = Release|Any CPU
	EndGlobalSection
EndGlobal
